{
    "_readme": [
        "This file locks the dependencies of your project to a known state",
        "Read more about it at https://getcomposer.org/doc/01-basic-usage.md#composer-lock-the-lock-file",
        "This file is @generated automatically"
    ],
    "hash": "1a1a06c32eb9b491db0b4c1b3955df21",
    "content-hash": "8e44cde579f68b13467286f930a35b15",
    "packages": [
        {
            "name": "orpheus/orpheus-cache",
            "version": "dev-master",
            "source": {
                "type": "git",
                "url": "https://github.com/Sowapps/orpheus-cache.git",
                "reference": "97de89de47b3e57217b9c807a086d7c066118e2f"
            },
            "dist": {
                "type": "zip",
                "url": "https://api.github.com/repos/Sowapps/orpheus-cache/zipball/97de89de47b3e57217b9c807a086d7c066118e2f",
                "reference": "97de89de47b3e57217b9c807a086d7c066118e2f",
                "shasum": ""
            },
            "type": "library",
            "autoload": {
                "psr-4": {
                    "Orpheus\\": "src"
                }
            },
            "notification-url": "https://packagist.org/downloads/",
            "license": [
                "MIT"
            ],
            "authors": [
                {
                    "name": "Florent HAZARD",
                    "email": "contact@sowapps.com",
                    "homepage": "http://sowapps.com",
                    "role": "Developer"
                }
            ],
            "description": "Orpheus Cache",
            "keywords": [
                "apc",
                "cache",
                "filesystem",
                "orpheus"
            ],
            "time": "2016-07-02 22:48:04"
        },
        {
            "name": "orpheus/orpheus-core",
            "version": "dev-master",
            "source": {
                "type": "git",
                "url": "https://github.com/Sowapps/orpheus-core.git",
                "reference": "700e5fb8015485b7045754862b6433b38f70fffa"
            },
            "dist": {
                "type": "zip",
                "url": "https://api.github.com/repos/Sowapps/orpheus-core/zipball/700e5fb8015485b7045754862b6433b38f70fffa",
                "reference": "700e5fb8015485b7045754862b6433b38f70fffa",
                "shasum": ""
            },
            "require": {
                "orpheus/orpheus-hook": "dev-master"
            },
            "type": "library",
            "autoload": {
                "psr-4": {
                    "Orpheus\\": "src"
                },
                "files": [
                    "src/_loader.php"
                ]
            },
            "notification-url": "https://packagist.org/downloads/",
            "license": [
                "MIT"
            ],
            "authors": [
                {
                    "name": "Florent HAZARD",
                    "email": "contact@sowapps.com",
                    "homepage": "http://sowapps.com",
                    "role": "Developer"
                }
            ],
            "description": "Orpheus Core",
            "keywords": [
                "core",
                "orpheus"
            ],
            "time": "2016-07-19 09:45:36"
        },
        {
            "name": "orpheus/orpheus-entitydescriptor",
            "version": "dev-master",
            "source": {
                "type": "git",
                "url": "https://github.com/Sowapps/orpheus-entitydescriptor.git",
                "reference": "bcd808adc78ce28c8998509a37419f84fcc2682c"
            },
            "dist": {
                "type": "zip",
                "url": "https://api.github.com/repos/Sowapps/orpheus-entitydescriptor/zipball/bcd808adc78ce28c8998509a37419f84fcc2682c",
                "reference": "bcd808adc78ce28c8998509a37419f84fcc2682c",
                "shasum": ""
            },
            "require": {
                "orpheus/orpheus-cache": "dev-master",
                "orpheus/orpheus-core": "dev-master",
                "orpheus/orpheus-hook": "dev-master",
                "orpheus/orpheus-inputcontroller": "dev-master",
                "orpheus/orpheus-publisher": "dev-master",
                "orpheus/orpheus-rendering": "dev-master",
                "orpheus/orpheus-sqladapter": "dev-master",
                "orpheus/orpheus-webtools": "dev-master",
                "orpheus/orpheus-yaml": "dev-master"
            },
            "type": "library",
            "autoload": {
                "psr-4": {
                    "Orpheus\\": "src"
                },
                "files": [
                    "src/_loader.php"
                ]
            },
            "notification-url": "https://packagist.org/downloads/",
            "license": [
                "MIT"
            ],
            "authors": [
                {
                    "name": "Florent HAZARD",
                    "email": "contact@sowapps.com",
                    "homepage": "http://sowapps.com",
                    "role": "Developer"
                }
            ],
            "description": "Orpheus Entity Descriptor",
            "keywords": [
                "database",
                "entity",
                "object",
                "orpheus",
                "persistent"
            ],
            "time": "2016-07-21 13:07:14"
        },
        {
            "name": "orpheus/orpheus-form",
            "version": "dev-master",
            "source": {
                "type": "git",
                "url": "https://github.com/Sowapps/orpheus-form.git",
                "reference": "09474d15365816bc15c0891a3564d72723679482"
            },
            "dist": {
                "type": "zip",
                "url": "https://api.github.com/repos/Sowapps/orpheus-form/zipball/09474d15365816bc15c0891a3564d72723679482",
                "reference": "09474d15365816bc15c0891a3564d72723679482",
                "shasum": ""
            },
            "require": {
                "orpheus/orpheus-cache": "dev-master",
                "orpheus/orpheus-core": "dev-master",
                "orpheus/orpheus-hook": "dev-master",
                "orpheus/orpheus-inputcontroller": "dev-master",
                "orpheus/orpheus-rendering": "dev-master",
                "orpheus/orpheus-yaml": "dev-master"
            },
            "type": "library",
            "autoload": {
                "psr-4": {
                    "Orpheus\\": "src"
                }
            },
            "notification-url": "https://packagist.org/downloads/",
            "license": [
                "MIT"
            ],
            "authors": [
                {
                    "name": "Florent HAZARD",
                    "email": "contact@sowapps.com",
                    "homepage": "http://sowapps.com",
                    "role": "Developer"
                }
            ],
            "description": "Orpheus Form",
            "keywords": [
                "form",
                "orpheus"
            ],
            "time": "2016-07-02 22:48:15"
        },
        {
            "name": "orpheus/orpheus-hook",
            "version": "dev-master",
            "source": {
                "type": "git",
                "url": "https://github.com/Sowapps/orpheus-hook.git",
                "reference": "7132e632f31a616056fe031322039e81199ff7bc"
            },
            "dist": {
                "type": "zip",
                "url": "https://api.github.com/repos/Sowapps/orpheus-hook/zipball/7132e632f31a616056fe031322039e81199ff7bc",
                "reference": "7132e632f31a616056fe031322039e81199ff7bc",
                "shasum": ""
            },
            "type": "library",
            "autoload": {
                "psr-4": {
                    "Orpheus\\": "src"
                },
                "files": [
                    "src/_loader.php"
                ]
            },
            "notification-url": "https://packagist.org/downloads/",
            "license": [
                "MIT"
            ],
            "authors": [
                {
                    "name": "Florent HAZARD",
                    "email": "contact@sowapps.com",
                    "homepage": "http://sowapps.com",
                    "role": "Developer"
                }
            ],
            "description": "Orpheus Hook",
            "homepage": "https://github.com/Sowapps/orpheus-hook",
            "keywords": [
                "HOOK",
                "event",
                "orpheus"
            ],
            "time": "2016-07-02 22:48:23"
        },
        {
            "name": "orpheus/orpheus-initernationalization",
            "version": "dev-master",
            "source": {
                "type": "git",
                "url": "https://github.com/Sowapps/orpheus-initernationalization.git",
                "reference": "e325745ae24f9916d775a5174c3a6d5d29d626a5"
            },
            "dist": {
                "type": "zip",
                "url": "https://api.github.com/repos/Sowapps/orpheus-initernationalization/zipball/e325745ae24f9916d775a5174c3a6d5d29d626a5",
                "reference": "e325745ae24f9916d775a5174c3a6d5d29d626a5",
                "shasum": ""
            },
            "type": "library",
            "autoload": {
                "files": [
                    "src/_loader.php"
                ]
            },
            "notification-url": "https://packagist.org/downloads/",
            "license": [
                "MIT"
            ],
            "authors": [
                {
                    "name": "Florent HAZARD",
                    "email": "contact@sowapps.com",
                    "homepage": "http://sowapps.com",
                    "role": "Developer"
                }
            ],
            "description": "Orpheus Initernationalization",
            "keywords": [
                "ini",
                "internationalization",
                "orpheus"
            ],
            "time": "2016-07-02 22:48:30"
        },
        {
            "name": "orpheus/orpheus-inputcontroller",
            "version": "dev-master",
            "source": {
                "type": "git",
                "url": "https://github.com/Sowapps/orpheus-inputcontroller.git",
                "reference": "29527a66cb205ceccbcb981bea5774f43c768b14"
            },
            "dist": {
                "type": "zip",
                "url": "https://api.github.com/repos/Sowapps/orpheus-inputcontroller/zipball/29527a66cb205ceccbcb981bea5774f43c768b14",
                "reference": "29527a66cb205ceccbcb981bea5774f43c768b14",
                "shasum": ""
            },
            "require": {
                "orpheus/orpheus-cache": "dev-master",
                "orpheus/orpheus-core": "dev-master",
                "orpheus/orpheus-hook": "dev-master",
                "orpheus/orpheus-rendering": "dev-master",
                "orpheus/orpheus-webtools": "dev-master",
                "orpheus/orpheus-yaml": "dev-master"
            },
            "type": "library",
            "autoload": {
                "psr-4": {
                    "Orpheus\\": "src"
                },
                "files": [
                    "src/_loader.php"
                ]
            },
            "notification-url": "https://packagist.org/downloads/",
            "license": [
                "MIT"
            ],
            "authors": [
                {
                    "name": "Florent HAZARD",
                    "email": "contact@sowapps.com",
                    "homepage": "http://sowapps.com",
                    "role": "Developer"
                }
            ],
            "description": "Orpheus Input Controller",
            "keywords": [
                "controller",
                "input",
                "model",
                "mvc",
                "orpheus",
                "view"
            ],
            "time": "2016-07-15 08:28:34"
        },
        {
            "name": "orpheus/orpheus-publisher",
            "version": "dev-master",
            "source": {
                "type": "git",
                "url": "https://github.com/Sowapps/orpheus-publisher.git",
                "reference": "37da7823096b37c0d46a4112d7c8821bd1b3ddff"
            },
            "dist": {
                "type": "zip",
                "url": "https://api.github.com/repos/Sowapps/orpheus-publisher/zipball/37da7823096b37c0d46a4112d7c8821bd1b3ddff",
                "reference": "37da7823096b37c0d46a4112d7c8821bd1b3ddff",
                "shasum": ""
            },
            "require": {
                "orpheus/orpheus-cache": "dev-master",
                "orpheus/orpheus-core": "dev-master",
                "orpheus/orpheus-hook": "dev-master",
                "orpheus/orpheus-inputcontroller": "dev-master",
                "orpheus/orpheus-rendering": "dev-master",
                "orpheus/orpheus-sqladapter": "dev-master",
                "orpheus/orpheus-yaml": "dev-master"
            },
            "type": "library",
            "autoload": {
                "psr-4": {
                    "Orpheus\\": "src"
                },
                "files": [
                    "src/_loader.php"
                ]
            },
            "notification-url": "https://packagist.org/downloads/",
            "license": [
                "MIT"
            ],
            "authors": [
                {
                    "name": "Florent HAZARD",
                    "email": "contact@sowapps.com",
                    "homepage": "http://sowapps.com",
                    "role": "Developer"
                }
            ],
            "description": "Orpheus Publisher",
            "keywords": [
                "database",
                "object",
                "orpheus",
                "persistent",
                "publisher"
            ],
            "time": "2016-07-21 13:10:03"
        },
        {
            "name": "orpheus/orpheus-rendering",
            "version": "dev-master",
            "source": {
                "type": "git",
                "url": "https://github.com/Sowapps/orpheus-rendering.git",
                "reference": "97770a25c5e3dc4ae84db4d29ff442863d2d9da0"
            },
            "dist": {
                "type": "zip",
                "url": "https://api.github.com/repos/Sowapps/orpheus-rendering/zipball/97770a25c5e3dc4ae84db4d29ff442863d2d9da0",
                "reference": "97770a25c5e3dc4ae84db4d29ff442863d2d9da0",
                "shasum": ""
            },
            "require": {
                "orpheus/orpheus-core": "dev-master",
                "orpheus/orpheus-hook": "dev-master"
            },
            "type": "library",
            "autoload": {
                "psr-4": {
                    "Orpheus\\": "src"
                },
                "files": [
                    "src/_loader.php"
                ]
            },
            "notification-url": "https://packagist.org/downloads/",
            "license": [
                "MIT"
            ],
            "authors": [
                {
                    "name": "Florent HAZARD",
                    "email": "contact@sowapps.com",
                    "homepage": "http://sowapps.com",
                    "role": "Developer"
                }
            ],
            "description": "Orpheus Rendering",
            "keywords": [
                "Rendering",
                "orpheus"
            ],
            "time": "2016-07-02 22:48:47"
        },
        {
            "name": "orpheus/orpheus-sqladapter",
            "version": "dev-master",
            "source": {
                "type": "git",
                "url": "https://github.com/Sowapps/orpheus-sqladapter.git",
                "reference": "df69156e8b6551e5bdd2781f3b00d0628ecf754b"
            },
            "dist": {
                "type": "zip",
                "url": "https://api.github.com/repos/Sowapps/orpheus-sqladapter/zipball/df69156e8b6551e5bdd2781f3b00d0628ecf754b",
                "reference": "df69156e8b6551e5bdd2781f3b00d0628ecf754b",
                "shasum": ""
            },
            "require": {
                "orpheus/orpheus-cache": "dev-master",
                "orpheus/orpheus-core": "dev-master"
            },
            "type": "library",
            "autoload": {
                "psr-4": {
                    "Orpheus\\": "src"
                },
                "files": [
                    "src/_loader.php"
                ]
            },
            "notification-url": "https://packagist.org/downloads/",
            "license": [
                "MIT"
            ],
            "authors": [
                {
                    "name": "Florent HAZARD",
                    "email": "contact@sowapps.com",
                    "homepage": "http://sowapps.com",
                    "role": "Developer"
                }
            ],
            "description": "Orpheus SQL Adapter",
            "keywords": [
                "database",
                "orpheus",
                "query",
                "sql"
            ],
            "time": "2016-07-21 13:04:03"
        },
        {
            "name": "orpheus/orpheus-webtools",
            "version": "dev-master",
            "source": {
                "type": "git",
                "url": "https://github.com/Sowapps/orpheus-webtools.git",
                "reference": "db71f6c42da4667327d9d14ae5ed0742f192c61a"
            },
            "dist": {
                "type": "zip",
                "url": "https://api.github.com/repos/Sowapps/orpheus-webtools/zipball/db71f6c42da4667327d9d14ae5ed0742f192c61a",
                "reference": "db71f6c42da4667327d9d14ae5ed0742f192c61a",
                "shasum": ""
            },
            "require": {
                "orpheus/orpheus-cache": "dev-master",
                "orpheus/orpheus-core": "dev-master",
                "orpheus/orpheus-hook": "dev-master"
            },
            "type": "library",
            "autoload": {
                "psr-4": {
                    "Orpheus\\": "src"
                }
            },
            "notification-url": "https://packagist.org/downloads/",
            "license": [
                "MIT"
            ],
            "authors": [
                {
                    "name": "Florent HAZARD",
                    "email": "contact@sowapps.com",
                    "homepage": "http://sowapps.com",
                    "role": "Developer"
                }
            ],
            "description": "Orpheus WebTools",
            "keywords": [
                "configuration",
                "email",
                "generator",
                "orpheus",
                "password",
                "slug",
                "tools",
                "web"
            ],
            "time": "2016-07-21 13:09:53"
        },
        {
            "name": "orpheus/orpheus-yaml",
            "version": "dev-master",
            "source": {
                "type": "git",
                "url": "https://github.com/Sowapps/orpheus-yaml.git",
                "reference": "f96f92d0703ea3cd5501edca142acde6ea768d3a"
            },
            "dist": {
                "type": "zip",
                "url": "https://api.github.com/repos/Sowapps/orpheus-yaml/zipball/f96f92d0703ea3cd5501edca142acde6ea768d3a",
                "reference": "f96f92d0703ea3cd5501edca142acde6ea768d3a",
                "shasum": ""
            },
            "require": {
                "orpheus/orpheus-core": "dev-master"
            },
            "type": "library",
            "autoload": {
                "psr-4": {
                    "Orpheus\\": "src"
                }
            },
            "notification-url": "https://packagist.org/downloads/",
            "license": [
                "MIT"
            ],
            "authors": [
                {
                    "name": "Florent HAZARD",
                    "email": "contact@sowapps.com",
                    "homepage": "http://sowapps.com",
                    "role": "Developer"
                }
            ],
            "description": "Orpheus YAML",
            "keywords": [
                "orpheus",
                "yaml"
            ],
            "time": "2016-07-03 11:35:21"
        }
    ],
    "packages-dev": [],
    "aliases": [],
    "minimum-stability": "stable",
    "stability-flags": {
        "orpheus/orpheus-core": 20,
        "orpheus/orpheus-hook": 20,
        "orpheus/orpheus-cache": 20,
        "orpheus/orpheus-yaml": 20,
        "orpheus/orpheus-initernationalization": 20,
        "orpheus/orpheus-rendering": 20,
        "orpheus/orpheus-inputcontroller": 20,
        "orpheus/orpheus-sqladapter": 20,
        "orpheus/orpheus-publisher": 20,
        "orpheus/orpheus-entitydescriptor": 20,
        "orpheus/orpheus-form": 20,
        "orpheus/orpheus-webtools": 20
    },
    "prefer-stable": false,
    "prefer-lowest": false,
    "platform": [],
    "platform-dev": []
}
