{
    "_readme": [
        "This file locks the dependencies of your project to a known state",
        "Read more about it at https://getcomposer.org/doc/01-basic-usage.md#composer-lock-the-lock-file",
        "This file is @generated automatically"
    ],
    "hash": "1a1a06c32eb9b491db0b4c1b3955df21",
    "content-hash": "8e44cde579f68b13467286f930a35b15",
    "packages": [
        {
            "name": "orpheus/orpheus-cache",
            "version": "dev-master",
            "source": {
                "type": "git",
                "url": "https://github.com/Sowapps/orpheus-cache.git",
                "reference": "f20079a8d462c736d442fb0bc1f1c42b295f402d"
            },
            "dist": {
                "type": "zip",
                "url": "https://api.github.com/repos/Sowapps/orpheus-cache/zipball/f20079a8d462c736d442fb0bc1f1c42b295f402d",
                "reference": "f20079a8d462c736d442fb0bc1f1c42b295f402d",
                "shasum": ""
            },
            "type": "library",
            "autoload": {
                "psr-4": {
                    "Orpheus\\": "src"
                }
            },
            "notification-url": "https://packagist.org/downloads/",
            "license": [
                "MIT"
            ],
            "authors": [
                {
                    "name": "Florent HAZARD",
                    "email": "contact@sowapps.com",
                    "homepage": "http://sowapps.com",
                    "role": "Developer"
                }
            ],
            "description": "Orpheus Cache",
            "keywords": [
                "apc",
                "cache",
                "filesystem",
                "orpheus"
            ],
            "time": "2016-06-28 10:36:32"
        },
        {
            "name": "orpheus/orpheus-core",
            "version": "dev-master",
            "source": {
                "type": "git",
                "url": "https://github.com/Sowapps/orpheus-core.git",
                "reference": "0f11f4596579ed484fa99dfd92aa33b71787e8fd"
            },
            "dist": {
                "type": "zip",
                "url": "https://api.github.com/repos/Sowapps/orpheus-core/zipball/0f11f4596579ed484fa99dfd92aa33b71787e8fd",
                "reference": "0f11f4596579ed484fa99dfd92aa33b71787e8fd",
                "shasum": ""
            },
            "require": {
                "orpheus/orpheus-hook": "dev-master"
            },
            "type": "library",
            "autoload": {
                "psr-4": {
                    "Orpheus\\": "src"
                },
                "files": [
                    "src/_loader.php"
                ]
            },
            "notification-url": "https://packagist.org/downloads/",
            "license": [
                "MIT"
            ],
            "authors": [
                {
                    "name": "Florent HAZARD",
                    "email": "contact@sowapps.com",
                    "homepage": "http://sowapps.com",
                    "role": "Developer"
                }
            ],
            "description": "Orpheus Core",
            "keywords": [
                "core",
                "orpheus"
            ],
            "time": "2016-06-29 07:25:33"
        },
        {
            "name": "orpheus/orpheus-entitydescriptor",
            "version": "dev-master",
            "source": {
                "type": "git",
                "url": "https://github.com/Sowapps/orpheus-entitydescriptor.git",
                "reference": "846f81a3aeefdef7d00dd77b0f0fad7686ee22ca"
            },
            "dist": {
                "type": "zip",
                "url": "https://api.github.com/repos/Sowapps/orpheus-entitydescriptor/zipball/846f81a3aeefdef7d00dd77b0f0fad7686ee22ca",
                "reference": "846f81a3aeefdef7d00dd77b0f0fad7686ee22ca",
                "shasum": ""
            },
            "require": {
                "orpheus/orpheus-cache": "dev-master",
                "orpheus/orpheus-core": "dev-master",
                "orpheus/orpheus-hook": "dev-master",
                "orpheus/orpheus-inputcontroller": "dev-master",
                "orpheus/orpheus-publisher": "dev-master",
                "orpheus/orpheus-rendering": "dev-master",
                "orpheus/orpheus-sqladapter": "dev-master",
                "orpheus/orpheus-yaml": "dev-master"
            },
            "type": "library",
            "autoload": {
                "psr-4": {
                    "Orpheus\\": "src"
                },
                "files": [
                    "src/_loader.php"
                ]
            },
            "notification-url": "https://packagist.org/downloads/",
            "license": [
                "MIT"
            ],
            "authors": [
                {
                    "name": "Florent HAZARD",
                    "email": "contact@sowapps.com",
                    "homepage": "http://sowapps.com",
                    "role": "Developer"
                }
            ],
            "description": "Orpheus Entity Descriptor",
            "keywords": [
                "database",
                "entity",
                "object",
                "orpheus",
                "persistent"
            ],
            "time": "2016-06-28 10:36:17"
        },
        {
            "name": "orpheus/orpheus-form",
            "version": "dev-master",
            "source": {
                "type": "git",
                "url": "https://github.com/Sowapps/orpheus-form.git",
                "reference": "32aa5b0f64562ad9537e2b4111a6ae1dc45c8eab"
            },
            "dist": {
                "type": "zip",
                "url": "https://api.github.com/repos/Sowapps/orpheus-form/zipball/32aa5b0f64562ad9537e2b4111a6ae1dc45c8eab",
                "reference": "32aa5b0f64562ad9537e2b4111a6ae1dc45c8eab",
                "shasum": ""
            },
            "require": {
                "orpheus/orpheus-cache": "dev-master",
                "orpheus/orpheus-core": "dev-master",
                "orpheus/orpheus-hook": "dev-master",
                "orpheus/orpheus-inputcontroller": "dev-master",
                "orpheus/orpheus-rendering": "dev-master",
                "orpheus/orpheus-yaml": "dev-master"
            },
            "type": "library",
            "autoload": {
                "psr-4": {
                    "Orpheus\\": "src"
                }
            },
            "notification-url": "https://packagist.org/downloads/",
            "license": [
                "MIT"
            ],
            "authors": [
                {
                    "name": "Florent HAZARD",
                    "email": "contact@sowapps.com",
                    "homepage": "http://sowapps.com",
                    "role": "Developer"
                }
            ],
            "description": "Orpheus Form",
            "keywords": [
                "form",
                "orpheus"
            ],
            "time": "2016-06-29 07:34:54"
        },
        {
            "name": "orpheus/orpheus-hook",
            "version": "dev-master",
            "source": {
                "type": "git",
                "url": "https://github.com/Sowapps/orpheus-hook.git",
                "reference": "325a2823b8f9df2db7975b71855a1c706b2e241a"
            },
            "dist": {
                "type": "zip",
                "url": "https://api.github.com/repos/Sowapps/orpheus-hook/zipball/325a2823b8f9df2db7975b71855a1c706b2e241a",
                "reference": "325a2823b8f9df2db7975b71855a1c706b2e241a",
                "shasum": ""
            },
            "type": "library",
            "autoload": {
                "psr-4": {
                    "Orpheus\\": "src"
                },
                "files": [
                    "src/_loader.php"
                ]
            },
            "notification-url": "https://packagist.org/downloads/",
            "license": [
                "MIT"
            ],
            "authors": [
                {
                    "name": "Florent HAZARD",
                    "email": "contact@sowapps.com",
                    "homepage": "http://sowapps.com",
                    "role": "Developer"
                }
            ],
            "description": "Orpheus Hook",
            "homepage": "https://github.com/Sowapps/orpheus-hook",
            "keywords": [
                "HOOK",
                "event",
                "orpheus"
            ],
            "time": "2016-06-28 10:36:11"
        },
        {
            "name": "orpheus/orpheus-initernationalization",
            "version": "dev-master",
            "source": {
                "type": "git",
                "url": "https://github.com/Sowapps/orpheus-initernationalization.git",
                "reference": "2ab5bbfbb85bc89f4afa3f84f9509c8e02d6af36"
            },
            "dist": {
                "type": "zip",
                "url": "https://api.github.com/repos/Sowapps/orpheus-initernationalization/zipball/2ab5bbfbb85bc89f4afa3f84f9509c8e02d6af36",
                "reference": "2ab5bbfbb85bc89f4afa3f84f9509c8e02d6af36",
                "shasum": ""
            },
            "type": "library",
            "autoload": {
                "files": [
                    "src/_loader.php"
                ]
            },
            "notification-url": "https://packagist.org/downloads/",
            "license": [
                "MIT"
            ],
            "authors": [
                {
                    "name": "Florent HAZARD",
                    "email": "contact@sowapps.com",
                    "homepage": "http://sowapps.com",
                    "role": "Developer"
                }
            ],
            "description": "Orpheus Initernationalization",
            "keywords": [
                "ini",
                "internationalization",
                "orpheus"
            ],
            "time": "2016-06-28 10:36:03"
        },
        {
            "name": "orpheus/orpheus-inputcontroller",
            "version": "dev-master",
            "source": {
                "type": "git",
                "url": "https://github.com/Sowapps/orpheus-inputcontroller.git",
                "reference": "a7e8e8e882cb442ae9831b37cebe59316509d991"
            },
            "dist": {
                "type": "zip",
                "url": "https://api.github.com/repos/Sowapps/orpheus-inputcontroller/zipball/a7e8e8e882cb442ae9831b37cebe59316509d991",
                "reference": "a7e8e8e882cb442ae9831b37cebe59316509d991",
                "shasum": ""
            },
            "require": {
                "orpheus/orpheus-cache": "dev-master",
                "orpheus/orpheus-core": "dev-master",
                "orpheus/orpheus-hook": "dev-master",
                "orpheus/orpheus-rendering": "dev-master",
                "orpheus/orpheus-webtools": "dev-master",
                "orpheus/orpheus-yaml": "dev-master"
            },
            "type": "library",
            "autoload": {
                "psr-4": {
                    "Orpheus\\": "src"
                },
                "files": [
                    "src/_loader.php"
                ]
            },
            "notification-url": "https://packagist.org/downloads/",
            "license": [
                "MIT"
            ],
            "authors": [
                {
                    "name": "Florent HAZARD",
                    "email": "contact@sowapps.com",
                    "homepage": "http://sowapps.com",
                    "role": "Developer"
                }
            ],
            "description": "Orpheus Input Controller",
            "keywords": [
                "controller",
                "input",
                "model",
                "mvc",
                "orpheus",
                "view"
            ],
            "time": "2016-06-29 09:36:57"
        },
        {
            "name": "orpheus/orpheus-publisher",
            "version": "dev-master",
            "source": {
                "type": "git",
                "url": "https://github.com/Sowapps/orpheus-publisher.git",
                "reference": "698c21a6497ae30d37ac780287025a214c16b1a4"
            },
            "dist": {
                "type": "zip",
                "url": "https://api.github.com/repos/Sowapps/orpheus-publisher/zipball/698c21a6497ae30d37ac780287025a214c16b1a4",
                "reference": "698c21a6497ae30d37ac780287025a214c16b1a4",
                "shasum": ""
            },
            "require": {
                "orpheus/orpheus-cache": "dev-master",
                "orpheus/orpheus-core": "dev-master",
                "orpheus/orpheus-hook": "dev-master",
                "orpheus/orpheus-inputcontroller": "dev-master",
                "orpheus/orpheus-rendering": "dev-master",
                "orpheus/orpheus-sqladapter": "dev-master",
                "orpheus/orpheus-yaml": "dev-master"
            },
            "type": "library",
            "autoload": {
                "psr-4": {
                    "Orpheus\\": "src"
                },
                "files": [
                    "src/_loader.php"
                ]
            },
            "notification-url": "https://packagist.org/downloads/",
            "license": [
                "MIT"
            ],
            "authors": [
                {
                    "name": "Florent HAZARD",
                    "email": "contact@sowapps.com",
                    "homepage": "http://sowapps.com",
                    "role": "Developer"
                }
            ],
            "description": "Orpheus Publisher",
            "keywords": [
                "database",
                "object",
                "orpheus",
                "persistent",
                "publisher"
            ],
            "time": "2016-06-29 08:59:51"
        },
        {
            "name": "orpheus/orpheus-rendering",
            "version": "dev-master",
            "source": {
                "type": "git",
                "url": "https://github.com/Sowapps/orpheus-rendering.git",
                "reference": "1841a7e7314c4bdbfe30949023364a39f54c622d"
            },
            "dist": {
                "type": "zip",
                "url": "https://api.github.com/repos/Sowapps/orpheus-rendering/zipball/1841a7e7314c4bdbfe30949023364a39f54c622d",
                "reference": "1841a7e7314c4bdbfe30949023364a39f54c622d",
                "shasum": ""
            },
            "require": {
                "orpheus/orpheus-core": "dev-master",
                "orpheus/orpheus-hook": "dev-master"
            },
            "type": "library",
            "autoload": {
                "psr-4": {
                    "Orpheus\\": "src"
                },
                "files": [
                    "src/_loader.php"
                ]
            },
            "notification-url": "https://packagist.org/downloads/",
            "license": [
                "MIT"
            ],
            "authors": [
                {
                    "name": "Florent HAZARD",
                    "email": "contact@sowapps.com",
                    "homepage": "http://sowapps.com",
                    "role": "Developer"
                }
            ],
            "description": "Orpheus Rendering",
            "keywords": [
                "Rendering",
                "orpheus"
            ],
            "time": "2016-06-28 10:35:46"
        },
        {
            "name": "orpheus/orpheus-sqladapter",
            "version": "dev-master",
            "source": {
                "type": "git",
                "url": "https://github.com/Sowapps/orpheus-sqladapter.git",
                "reference": "f0d8ec169b4a61621ad67a98e0b7545fda8e6c11"
            },
            "dist": {
                "type": "zip",
                "url": "https://api.github.com/repos/Sowapps/orpheus-sqladapter/zipball/f0d8ec169b4a61621ad67a98e0b7545fda8e6c11",
                "reference": "f0d8ec169b4a61621ad67a98e0b7545fda8e6c11",
                "shasum": ""
            },
            "require": {
                "orpheus/orpheus-cache": "dev-master",
                "orpheus/orpheus-core": "dev-master"
            },
            "type": "library",
            "autoload": {
                "psr-4": {
                    "Orpheus\\": "src"
                },
                "files": [
                    "src/_loader.php"
                ]
            },
            "notification-url": "https://packagist.org/downloads/",
            "license": [
                "MIT"
            ],
            "authors": [
                {
                    "name": "Florent HAZARD",
                    "email": "contact@sowapps.com",
                    "homepage": "http://sowapps.com",
                    "role": "Developer"
                }
            ],
            "description": "Orpheus SQL Adapter",
            "keywords": [
                "database",
                "orpheus",
                "query",
                "sql"
            ],
            "time": "2016-06-28 10:35:38"
        },
        {
            "name": "orpheus/orpheus-webtools",
            "version": "dev-master",
            "source": {
                "type": "git",
                "url": "https://github.com/Sowapps/orpheus-webtools.git",
                "reference": "2c301661192e303163112dc871c49be5f69bf3a2"
            },
            "dist": {
                "type": "zip",
                "url": "https://api.github.com/repos/Sowapps/orpheus-webtools/zipball/2c301661192e303163112dc871c49be5f69bf3a2",
                "reference": "2c301661192e303163112dc871c49be5f69bf3a2",
                "shasum": ""
            },
            "require": {
                "orpheus/orpheus-cache": "dev-master",
                "orpheus/orpheus-core": "dev-master",
                "orpheus/orpheus-hook": "dev-master"
            },
            "type": "library",
            "autoload": {
                "psr-4": {
                    "Orpheus\\": "src"
                }
            },
            "notification-url": "https://packagist.org/downloads/",
            "license": [
                "MIT"
            ],
            "authors": [
                {
                    "name": "Florent HAZARD",
                    "email": "contact@sowapps.com",
                    "homepage": "http://sowapps.com",
                    "role": "Developer"
                }
            ],
            "description": "Orpheus WebTools",
            "keywords": [
                "configuration",
                "email",
                "generator",
                "orpheus",
                "password",
                "slug",
                "tools",
                "web"
            ],
            "time": "2016-06-29 07:35:11"
        },
        {
            "name": "orpheus/orpheus-yaml",
            "version": "dev-master",
            "source": {
                "type": "git",
                "url": "https://github.com/Sowapps/orpheus-yaml.git",
                "reference": "bfaca2af4ef7a20508cb0024a1bee049d0c16c91"
            },
            "dist": {
                "type": "zip",
                "url": "https://api.github.com/repos/Sowapps/orpheus-yaml/zipball/bfaca2af4ef7a20508cb0024a1bee049d0c16c91",
                "reference": "bfaca2af4ef7a20508cb0024a1bee049d0c16c91",
                "shasum": ""
            },
            "require": {
                "orpheus/orpheus-core": "dev-master"
            },
            "type": "library",
            "autoload": {
                "psr-4": {
                    "Orpheus\\": "src"
                }
            },
            "notification-url": "https://packagist.org/downloads/",
            "license": [
                "MIT"
            ],
            "authors": [
                {
                    "name": "Florent HAZARD",
                    "email": "contact@sowapps.com",
                    "homepage": "http://sowapps.com",
                    "role": "Developer"
                }
            ],
            "description": "Orpheus YAML",
            "keywords": [
                "orpheus",
                "yaml"
            ],
            "time": "2016-06-28 10:35:30"
        }
    ],
    "packages-dev": [],
    "aliases": [],
    "minimum-stability": "stable",
    "stability-flags": {
        "orpheus/orpheus-core": 20,
        "orpheus/orpheus-hook": 20,
        "orpheus/orpheus-cache": 20,
        "orpheus/orpheus-yaml": 20,
        "orpheus/orpheus-initernationalization": 20,
        "orpheus/orpheus-rendering": 20,
        "orpheus/orpheus-inputcontroller": 20,
        "orpheus/orpheus-sqladapter": 20,
        "orpheus/orpheus-publisher": 20,
        "orpheus/orpheus-entitydescriptor": 20,
        "orpheus/orpheus-form": 20,
        "orpheus/orpheus-webtools": 20
    },
    "prefer-stable": false,
    "prefer-lowest": false,
    "platform": [],
    "platform-dev": []
}
